
Microsoft Visual Studio Solution File, Format Version 12.00
# Visual Studio Version 16
VisualStudioVersion = 16.0.28729.10
MinimumVisualStudioVersion = 15.0.26124.0
Project("{2150E333-8FDC-42A3-9474-1A3956D46DE8}") = "src", "src", "{9666A4D6-5FE8-4334-BAD5-28EBF663D3B5}"
EndProject
Project("{9A19103F-16F7-4668-BE54-9A1E7A4F7556}") = "HyperMsg.Amqp", "src\HyperMsg.Amqp\HyperMsg.Amqp.csproj", "{30F2A38C-EBF0-4B71-A476-25E9F221B0BA}"
EndProject
Project("{9A19103F-16F7-4668-BE54-9A1E7A4F7556}") = "HyperMsg.Amqp.Serialization", "src\HyperMsg.Amqp.Serialization\HyperMsg.Amqp.Serialization.csproj", "{BC5C6216-2019-44BA-806F-533CD3D2149C}"
EndProject
Project("{2150E333-8FDC-42A3-9474-1A3956D46DE8}") = "test", "test", "{E69D8AC9-32FF-44B3-A3BE-0A45A4A83EA4}"
EndProject
Project("{9A19103F-16F7-4668-BE54-9A1E7A4F7556}") = "HyperMsg.Amqp.Serialization.Tests", "test\HyperMsg.Amqp.Serialization.Tests\HyperMsg.Amqp.Serialization.Tests.csproj", "{7D5BD2AF-945F-4398-AA6B-24349100F30C}"
EndProject
Global
	GlobalSection(SolutionConfigurationPlatforms) = preSolution
		Debug|Any CPU = Debug|Any CPU
		Debug|x64 = Debug|x64
		Debug|x86 = Debug|x86
		Release|Any CPU = Release|Any CPU
		Release|x64 = Release|x64
		Release|x86 = Release|x86
	EndGlobalSection
	GlobalSection(ProjectConfigurationPlatforms) = postSolution
		{30F2A38C-EBF0-4B71-A476-25E9F221B0BA}.Debug|Any CPU.ActiveCfg = Debug|Any CPU
		{30F2A38C-EBF0-4B71-A476-25E9F221B0BA}.Debug|Any CPU.Build.0 = Debug|Any CPU
		{30F2A38C-EBF0-4B71-A476-25E9F221B0BA}.Debug|x64.ActiveCfg = Debug|Any CPU
		{30F2A38C-EBF0-4B71-A476-25E9F221B0BA}.Debug|x64.Build.0 = Debug|Any CPU
		{30F2A38C-EBF0-4B71-A476-25E9F221B0BA}.Debug|x86.ActiveCfg = Debug|Any CPU
		{30F2A38C-EBF0-4B71-A476-25E9F221B0BA}.Debug|x86.Build.0 = Debug|Any CPU
		{30F2A38C-EBF0-4B71-A476-25E9F221B0BA}.Release|Any CPU.ActiveCfg = Release|Any CPU
		{30F2A38C-EBF0-4B71-A476-25E9F221B0BA}.Release|Any CPU.Build.0 = Release|Any CPU
		{30F2A38C-EBF0-4B71-A476-25E9F221B0BA}.Release|x64.ActiveCfg = Release|Any CPU
		{30F2A38C-EBF0-4B71-A476-25E9F221B0BA}.Release|x64.Build.0 = Release|Any CPU
		{30F2A38C-EBF0-4B71-A476-25E9F221B0BA}.Release|x86.ActiveCfg = Release|Any CPU
		{30F2A38C-EBF0-4B71-A476-25E9F221B0BA}.Release|x86.Build.0 = Release|Any CPU
		{BC5C6216-2019-44BA-806F-533CD3D2149C}.Debug|Any CPU.ActiveCfg = Debug|Any CPU
		{BC5C6216-2019-44BA-806F-533CD3D2149C}.Debug|Any CPU.Build.0 = Debug|Any CPU
		{BC5C6216-2019-44BA-806F-533CD3D2149C}.Debug|x64.ActiveCfg = Debug|Any CPU
		{BC5C6216-2019-44BA-806F-533CD3D2149C}.Debug|x64.Build.0 = Debug|Any CPU
		{BC5C6216-2019-44BA-806F-533CD3D2149C}.Debug|x86.ActiveCfg = Debug|Any CPU
		{BC5C6216-2019-44BA-806F-533CD3D2149C}.Debug|x86.Build.0 = Debug|Any CPU
		{BC5C6216-2019-44BA-806F-533CD3D2149C}.Release|Any CPU.ActiveCfg = Release|Any CPU
		{BC5C6216-2019-44BA-806F-533CD3D2149C}.Release|Any CPU.Build.0 = Release|Any CPU
		{BC5C6216-2019-44BA-806F-533CD3D2149C}.Release|x64.ActiveCfg = Release|Any CPU
		{BC5C6216-2019-44BA-806F-533CD3D2149C}.Release|x64.Build.0 = Release|Any CPU
		{BC5C6216-2019-44BA-806F-533CD3D2149C}.Release|x86.ActiveCfg = Release|Any CPU
		{BC5C6216-2019-44BA-806F-533CD3D2149C}.Release|x86.Build.0 = Release|Any CPU
		{7D5BD2AF-945F-4398-AA6B-24349100F30C}.Debug|Any CPU.ActiveCfg = Debug|Any CPU
		{7D5BD2AF-945F-4398-AA6B-24349100F30C}.Debug|Any CPU.Build.0 = Debug|Any CPU
		{7D5BD2AF-945F-4398-AA6B-24349100F30C}.Debug|x64.ActiveCfg = Debug|Any CPU
		{7D5BD2AF-945F-4398-AA6B-24349100F30C}.Debug|x64.Build.0 = Debug|Any CPU
		{7D5BD2AF-945F-4398-AA6B-24349100F30C}.Debug|x86.ActiveCfg = Debug|Any CPU
		{7D5BD2AF-945F-4398-AA6B-24349100F30C}.Debug|x86.Build.0 = Debug|Any CPU
		{7D5BD2AF-945F-4398-AA6B-24349100F30C}.Release|Any CPU.ActiveCfg = Release|Any CPU
		{7D5BD2AF-945F-4398-AA6B-24349100F30C}.Release|Any CPU.Build.0 = Release|Any CPU
		{7D5BD2AF-945F-4398-AA6B-24349100F30C}.Release|x64.ActiveCfg = Release|Any CPU
		{7D5BD2AF-945F-4398-AA6B-24349100F30C}.Release|x64.Build.0 = Release|Any CPU
		{7D5BD2AF-945F-4398-AA6B-24349100F30C}.Release|x86.ActiveCfg = Release|Any CPU
		{7D5BD2AF-945F-4398-AA6B-24349100F30C}.Release|x86.Build.0 = Release|Any CPU
	EndGlobalSection
	GlobalSection(SolutionProperties) = preSolution
		HideSolutionNode = FALSE
	EndGlobalSection
	GlobalSection(NestedProjects) = preSolution
		{30F2A38C-EBF0-4B71-A476-25E9F221B0BA} = {9666A4D6-5FE8-4334-BAD5-28EBF663D3B5}
		{BC5C6216-2019-44BA-806F-533CD3D2149C} = {9666A4D6-5FE8-4334-BAD5-28EBF663D3B5}
		{7D5BD2AF-945F-4398-AA6B-24349100F30C} = {E69D8AC9-32FF-44B3-A3BE-0A45A4A83EA4}
	EndGlobalSection
	GlobalSection(ExtensibilityGlobals) = postSolution
		SolutionGuid = {D3A7D113-98EB-4F82-BBB6-0D44327277BD}
	EndGlobalSection
EndGlobal
